{
  "requires": true,
  "lockfileVersion": 1,
  "dependencies": {
    "copier": {
      "version": "0.0.3",
      "resolved": "https://registry.npmjs.org/copier/-/copier-0.0.3.tgz",
      "integrity": "sha1-G9gNCqSuVZ8tlnWH6EfPNhaTmQs="
    },
    "func": {
      "version": "0.1.0",
      "resolved": "https://registry.npmjs.org/func/-/func-0.1.0.tgz",
      "integrity": "sha1-pOrGYjpDeBCi+4iYdXrFakcW2NI=",
      "requires": {
        "copier": "0.0.3"
      }
    }
  }
}
